
Microsoft Visual Studio Solution File, Format Version 12.00
# Visual Studio Version 16
VisualStudioVersion = 16.0.30611.23
MinimumVisualStudioVersion = 10.0.40219.1
Project("{8BC9CEB8-8B4A-11D0-8D11-00A0C91BC942}") = "宏函数", "宏函数\宏函数.vcxproj", "{0AD6A63A-E873-4F42-9776-FE2CAEDD4071}"
EndProject
Global
	GlobalSection(SolutionConfigurationPlatforms) = preSolution
		Debug|x64 = Debug|x64
		Debug|x86 = Debug|x86
		Release|x64 = Release|x64
		Release|x86 = Release|x86
	EndGlobalSection
	GlobalSection(ProjectConfigurationPlatforms) = postSolution
		{0AD6A63A-E873-4F42-9776-FE2CAEDD4071}.Debug|x64.ActiveCfg = Debug|x64
		{0AD6A63A-E873-4F42-9776-FE2CAEDD4071}.Debug|x64.Build.0 = Debug|x64
		{0AD6A63A-E873-4F42-9776-FE2CAEDD4071}.Debug|x86.ActiveCfg = Debug|Win32
		{0AD6A63A-E873-4F42-9776-FE2CAEDD4071}.Debug|x86.Build.0 = Debug|Win32
		{0AD6A63A-E873-4F42-9776-FE2CAEDD4071}.Release|x64.ActiveCfg = Release|x64
		{0AD6A63A-E873-4F42-9776-FE2CAEDD4071}.Release|x64.Build.0 = Release|x64
		{0AD6A63A-E873-4F42-9776-FE2CAEDD4071}.Release|x86.ActiveCfg = Release|Win32
		{0AD6A63A-E873-4F42-9776-FE2CAEDD4071}.Release|x86.Build.0 = Release|Win32
	EndGlobalSection
	GlobalSection(SolutionProperties) = preSolution
		HideSolutionNode = FALSE
	EndGlobalSection
	GlobalSection(ExtensibilityGlobals) = postSolution
		SolutionGuid = {3BE787B6-9551-42A2-8696-02F501A57F59}
	EndGlobalSection
EndGlobal
