
Microsoft Visual Studio Solution File, Format Version 12.00
# Visual Studio Version 16
VisualStudioVersion = 16.0.30611.23
MinimumVisualStudioVersion = 10.0.40219.1
Project("{8BC9CEB8-8B4A-11D0-8D11-00A0C91BC942}") = "编译语句使用静态库", "编译语句使用静态库\编译语句使用静态库.vcxproj", "{50CD78D7-857A-4822-90FD-DD9E7F254D52}"
EndProject
Global
	GlobalSection(SolutionConfigurationPlatforms) = preSolution
		Debug|x64 = Debug|x64
		Debug|x86 = Debug|x86
		Release|x64 = Release|x64
		Release|x86 = Release|x86
	EndGlobalSection
	GlobalSection(ProjectConfigurationPlatforms) = postSolution
		{50CD78D7-857A-4822-90FD-DD9E7F254D52}.Debug|x64.ActiveCfg = Debug|x64
		{50CD78D7-857A-4822-90FD-DD9E7F254D52}.Debug|x64.Build.0 = Debug|x64
		{50CD78D7-857A-4822-90FD-DD9E7F254D52}.Debug|x86.ActiveCfg = Debug|Win32
		{50CD78D7-857A-4822-90FD-DD9E7F254D52}.Debug|x86.Build.0 = Debug|Win32
		{50CD78D7-857A-4822-90FD-DD9E7F254D52}.Release|x64.ActiveCfg = Release|x64
		{50CD78D7-857A-4822-90FD-DD9E7F254D52}.Release|x64.Build.0 = Release|x64
		{50CD78D7-857A-4822-90FD-DD9E7F254D52}.Release|x86.ActiveCfg = Release|Win32
		{50CD78D7-857A-4822-90FD-DD9E7F254D52}.Release|x86.Build.0 = Release|Win32
	EndGlobalSection
	GlobalSection(SolutionProperties) = preSolution
		HideSolutionNode = FALSE
	EndGlobalSection
	GlobalSection(ExtensibilityGlobals) = postSolution
		SolutionGuid = {B1065062-A34B-4100-B003-D48904992C63}
	EndGlobalSection
EndGlobal
